<?xml version="1.0" encoding="utf-8"?>
<Project ToolsVersion="4.0" xmlns="http://schemas.microsoft.com/developer/msbuild/2003">
  <ItemGroup>
    <Filter Include="Quelldateien">
      <UniqueIdentifier>{4FC737F1-C7A5-4376-A066-2A32D752A2FF}</UniqueIdentifier>
      <Extensions>cpp;c;cc;cxx;def;odl;idl;hpj;bat;asm;asmx</Extensions>
    </Filter>
    <Filter Include="Headerdateien">
      <UniqueIdentifier>{93995380-89BD-4b04-88EB-625FBE52EBFB}</UniqueIdentifier>
      <Extensions>h;hh;hpp;hxx;hm;inl;inc;ipp;xsd</Extensions>
    </Filter>
    <Filter Include="Ressourcendateien">
      <UniqueIdentifier>{67DA6AB6-F800-4c08-8B7A-83BB121AAD01}</UniqueIdentifier>
      <Extensions>rc;ico;cur;bmp;dlg;rc2;rct;bin;rgs;gif;jpg;jpeg;jpe;resx;tiff;tif;png;wav;mfcribbon-ms</Extensions>
    </Filter>
  </ItemGroup>
  <ItemGroup>
    <ClInclude Include="Export.h">
      <Filter>Headerdateien</Filter>
    </ClInclude>
    <ClInclude Include="TMXReader.h">
      <Filter>Headerdateien</Filter>
    </ClInclude>
    <ClInclude Include="TMXFactory.h">
      <Filter>Headerdateien</Filter>
    </ClInclude>
    <ClInclude Include="TMXMap.h">
      <Filter>Headerdateien</Filter>
    </ClInclude>
    <ClInclude Include="TMXLayer.h">
      <Filter>Headerdateien</Filter>
    </ClInclude>
    <ClInclude Include="TMXTileset.h">
      <Filter>Headerdateien</Filter>
    </ClInclude>
    <ClInclude Include="TMXPropertys.h">
      <Filter>Headerdateien</Filter>
    </ClInclude>
    <ClInclude Include="TMXTile.h">
      <Filter>Headerdateien</Filter>
    </ClInclude>
    <ClInclude Include="TMXObjectGroup.h">
      <Filter>Headerdateien</Filter>
    </ClInclude>
    <ClInclude Include="TMXObject.h">
      <Filter>Headerdateien</Filter>
    </ClInclude>
  </ItemGroup>
  <ItemGroup>
    <ClCompile Include="TMXReader.cpp">
      <Filter>Quelldateien</Filter>
    </ClCompile>
    <ClCompile Include="TMXFactory.cpp">
      <Filter>Quelldateien</Filter>
    </ClCompile>
    <ClCompile Include="TMXMap.cpp">
      <Filter>Quelldateien</Filter>
    </ClCompile>
    <ClCompile Include="TMXLayer.cpp">
      <Filter>Quelldateien</Filter>
    </ClCompile>
    <ClCompile Include="TMXTileset.cpp">
      <Filter>Quelldateien</Filter>
    </ClCompile>
    <ClCompile Include="TMXPropertys.cpp">
      <Filter>Quelldateien</Filter>
    </ClCompile>
    <ClCompile Include="TMXTile.cpp">
      <Filter>Quelldateien</Filter>
    </ClCompile>
    <ClCompile Include="TMXObjectGroup.cpp">
      <Filter>Quelldateien</Filter>
    </ClCompile>
    <ClCompile Include="TMXObject.cpp">
      <Filter>Quelldateien</Filter>
    </ClCompile>
  </ItemGroup>
</Project>